// !$*UTF8*$!
{
	archiveVersion = 1;
	classes = {
	};
	objectVersion = 50;
	objects = {

/* Begin PBXBuildFile section */
		7E193ECF22DE0E8700646173 /* AppDelegate.swift in Sources */ = {isa = PBXBuildFile; fileRef = 7E193ECE22DE0E8700646173 /* AppDelegate.swift */; };
		7E193ED422DE0E8700646173 /* Main.storyboard in Resources */ = {isa = PBXBuildFile; fileRef = 7E193ED222DE0E8700646173 /* Main.storyboard */; };
		7E193ED722DE0E8700646173 /* ViewFinderTwo.xcdatamodeld in Sources */ = {isa = PBXBuildFile; fileRef = 7E193ED522DE0E8700646173 /* ViewFinderTwo.xcdatamodeld */; };
		7E193ED922DE0E8700646173 /* Assets.xcassets in Resources */ = {isa = PBXBuildFile; fileRef = 7E193ED822DE0E8700646173 /* Assets.xcassets */; };
		7E193EDC22DE0E8700646173 /* LaunchScreen.storyboard in Resources */ = {isa = PBXBuildFile; fileRef = 7E193EDA22DE0E8700646173 /* LaunchScreen.storyboard */; };
		7E193EE722DE0E8700646173 /* ViewFinderTwoTests.swift in Sources */ = {isa = PBXBuildFile; fileRef = 7E193EE622DE0E8700646173 /* ViewFinderTwoTests.swift */; };
		7E193EF222DE0E8700646173 /* ViewFinderTwoUITests.swift in Sources */ = {isa = PBXBuildFile; fileRef = 7E193EF122DE0E8700646173 /* ViewFinderTwoUITests.swift */; };
		7E193F0022DE126200646173 /* AddPhotoViewController.swift in Sources */ = {isa = PBXBuildFile; fileRef = 7E193EFF22DE126200646173 /* AddPhotoViewController.swift */; };
/* End PBXBuildFile section */

/* Begin PBXContainerItemProxy section */
		7E193EE322DE0E8700646173 /* PBXContainerItemProxy */ = {
			isa = PBXContainerItemProxy;
			containerPortal = 7E193EC322DE0E8700646173 /* Project object */;
			proxyType = 1;
			remoteGlobalIDString = 7E193ECA22DE0E8700646173;
			remoteInfo = ViewFinderTwo;
		};
		7E193EEE22DE0E8700646173 /* PBXContainerItemProxy */ = {
			isa = PBXContainerItemProxy;
			containerPortal = 7E193EC322DE0E8700646173 /* Project object */;
			proxyType = 1;
			remoteGlobalIDString = 7E193ECA22DE0E8700646173;
			remoteInfo = ViewFinderTwo;
		};
/* End PBXContainerItemProxy section */

/* Begin PBXFileReference section */
		7E193ECB22DE0E8700646173 /* ViewFinderTwo.app */ = {isa = PBXFileReference; explicitFileType = wrapper.application; includeInIndex = 0; path = ViewFinderTwo.app; sourceTree = BUILT_PRODUCTS_DIR; };
		7E193ECE22DE0E8700646173 /* AppDelegate.swift */ = {isa = PBXFileReference; lastKnownFileType = sourcecode.swift; path = AppDelegate.swift; sourceTree = "<group>"; };
		7E193ED322DE0E8700646173 /* Base */ = {isa = PBXFileReference; lastKnownFileType = file.storyboard; name = Base; path = Base.lproj/Main.storyboard; sourceTree = "<group>"; };
		7E193ED622DE0E8700646173 /* ViewFinderTwo.xcdatamodel */ = {isa = PBXFileReference; lastKnownFileType = wrapper.xcdatamodel; path = ViewFinderTwo.xcdatamodel; sourceTree = "<group>"; };
		7E193ED822DE0E8700646173 /* Assets.xcassets */ = {isa = PBXFileReference; lastKnownFileType = folder.assetcatalog; path = Assets.xcassets; sourceTree = "<group>"; };
		7E193EDB22DE0E8700646173 /* Base */ = {isa = PBXFileReference; lastKnownFileType = file.storyboard; name = Base; path = Base.lproj/LaunchScreen.storyboard; sourceTree = "<group>"; };
		7E193EDD22DE0E8700646173 /* Info.plist */ = {isa = PBXFileReference; lastKnownFileType = text.plist.xml; path = Info.plist; sourceTree = "<group>"; };
		7E193EE222DE0E8700646173 /* ViewFinderTwoTests.xctest */ = {isa = PBXFileReference; explicitFileType = wrapper.cfbundle; includeInIndex = 0; path = ViewFinderTwoTests.xctest; sourceTree = BUILT_PRODUCTS_DIR; };
		7E193EE622DE0E8700646173 /* ViewFinderTwoTests.swift */ = {isa = PBXFileReference; lastKnownFileType = sourcecode.swift; path = ViewFinderTwoTests.swift; sourceTree = "<group>"; };
		7E193EE822DE0E8700646173 /* Info.plist */ = {isa = PBXFileReference; lastKnownFileType = text.plist.xml; path = Info.plist; sourceTree = "<group>"; };
		7E193EED22DE0E8700646173 /* ViewFinderTwoUITests.xctest */ = {isa = PBXFileReference; explicitFileType = wrapper.cfbundle; includeInIndex = 0; path = ViewFinderTwoUITests.xctest; sourceTree = BUILT_PRODUCTS_DIR; };
		7E193EF122DE0E8700646173 /* ViewFinderTwoUITests.swift */ = {isa = PBXFileReference; lastKnownFileType = sourcecode.swift; path = ViewFinderTwoUITests.swift; sourceTree = "<group>"; };
		7E193EF322DE0E8700646173 /* Info.plist */ = {isa = PBXFileReference; lastKnownFileType = text.plist.xml; path = Info.plist; sourceTree = "<group>"; };
		7E193EFF22DE126200646173 /* AddPhotoViewController.swift */ = {isa = PBXFileReference; lastKnownFileType = sourcecode.swift; path = AddPhotoViewController.swift; sourceTree = "<group>"; };
/* End PBXFileReference section */

/* Begin PBXFrameworksBuildPhase section */
		7E193EC822DE0E8700646173 /* Frameworks */ = {
			isa = PBXFrameworksBuildPhase;
			buildActionMask = 2147483647;
			files = (
			);
			runOnlyForDeploymentPostprocessing = 0;
		};
		7E193EDF22DE0E8700646173 /* Frameworks */ = {
			isa = PBXFrameworksBuildPhase;
			buildActionMask = 2147483647;
			files = (
			);
			runOnlyForDeploymentPostprocessing = 0;
		};
		7E193EEA22DE0E8700646173 /* Frameworks */ = {
			isa = PBXFrameworksBuildPhase;
			buildActionMask = 2147483647;
			files = (
			);
			runOnlyForDeploymentPostprocessing = 0;
		};
/* End PBXFrameworksBuildPhase section */

/* Begin PBXGroup section */
		7E193EC222DE0E8700646173 = {
			isa = PBXGroup;
			children = (
				7E193ECD22DE0E8700646173 /* ViewFinderTwo */,
				7E193EE522DE0E8700646173 /* ViewFinderTwoTests */,
				7E193EF022DE0E8700646173 /* ViewFinderTwoUITests */,
				7E193ECC22DE0E8700646173 /* Products */,
			);
			sourceTree = "<group>";
		};
		7E193ECC22DE0E8700646173 /* Products */ = {
			isa = PBXGroup;
			children = (
				7E193ECB22DE0E8700646173 /* ViewFinderTwo.app */,
				7E193EE222DE0E8700646173 /* ViewFinderTwoTests.xctest */,
				7E193EED22DE0E8700646173 /* ViewFinderTwoUITests.xctest */,
			);
			name = Products;
			sourceTree = "<group>";
		};
		7E193ECD22DE0E8700646173 /* ViewFinderTwo */ = {
			isa = PBXGroup;
			children = (
				7E193ECE22DE0E8700646173 /* AppDelegate.swift */,
				7E193ED222DE0E8700646173 /* Main.storyboard */,
				7E193ED822DE0E8700646173 /* Assets.xcassets */,
				7E193EDA22DE0E8700646173 /* LaunchScreen.storyboard */,
				7E193EDD22DE0E8700646173 /* Info.plist */,
				7E193ED522DE0E8700646173 /* ViewFinderTwo.xcdatamodeld */,
				7E193EFF22DE126200646173 /* AddPhotoViewController.swift */,
			);
			path = ViewFinderTwo;
			sourceTree = "<group>";
		};
		7E193EE522DE0E8700646173 /* ViewFinderTwoTests */ = {
			isa = PBXGroup;
			children = (
				7E193EE622DE0E8700646173 /* ViewFinderTwoTests.swift */,
				7E193EE822DE0E8700646173 /* Info.plist */,
			);
			path = ViewFinderTwoTests;
			sourceTree = "<group>";
		};
		7E193EF022DE0E8700646173 /* ViewFinderTwoUITests */ = {
			isa = PBXGroup;
			children = (
				7E193EF122DE0E8700646173 /* ViewFinderTwoUITests.swift */,
				7E193EF322DE0E8700646173 /* Info.plist */,
			);
			path = ViewFinderTwoUITests;
			sourceTree = "<group>";
		};
/* End PBXGroup section */

/* Begin PBXNativeTarget section */
		7E193ECA22DE0E8700646173 /* ViewFinderTwo */ = {
			isa = PBXNativeTarget;
			buildConfigurationList = 7E193EF622DE0E8800646173 /* Build configuration list for PBXNativeTarget "ViewFinderTwo" */;
			buildPhases = (
				7E193EC722DE0E8700646173 /* Sources */,
				7E193EC822DE0E8700646173 /* Frameworks */,
				7E193EC922DE0E8700646173 /* Resources */,
			);
			buildRules = (
			);
			dependencies = (
			);
			name = ViewFinderTwo;
			productName = ViewFinderTwo;
			productReference = 7E193ECB22DE0E8700646173 /* ViewFinderTwo.app */;
			productType = "com.apple.product-type.application";
		};
		7E193EE122DE0E8700646173 /* ViewFinderTwoTests */ = {
			isa = PBXNativeTarget;
			buildConfigurationList = 7E193EF922DE0E8800646173 /* Build configuration list for PBXNativeTarget "ViewFinderTwoTests" */;
			buildPhases = (
				7E193EDE22DE0E8700646173 /* Sources */,
				7E193EDF22DE0E8700646173 /* Frameworks */,
				7E193EE022DE0E8700646173 /* Resources */,
			);
			buildRules = (
			);
			dependencies = (
				7E193EE422DE0E8700646173 /* PBXTargetDependency */,
			);
			name = ViewFinderTwoTests;
			productName = ViewFinderTwoTests;
			productReference = 7E193EE222DE0E8700646173 /* ViewFinderTwoTests.xctest */;
			productType = "com.apple.product-type.bundle.unit-test";
		};
		7E193EEC22DE0E8700646173 /* ViewFinderTwoUITests */ = {
			isa = PBXNativeTarget;
			buildConfigurationList = 7E193EFC22DE0E8800646173 /* Build configuration list for PBXNativeTarget "ViewFinderTwoUITests" */;
			buildPhases = (
				7E193EE922DE0E8700646173 /* Sources */,
				7E193EEA22DE0E8700646173 /* Frameworks */,
				7E193EEB22DE0E8700646173 /* Resources */,
			);
			buildRules = (
			);
			dependencies = (
				7E193EEF22DE0E8700646173 /* PBXTargetDependency */,
			);
			name = ViewFinderTwoUITests;
			productName = ViewFinderTwoUITests;
			productReference = 7E193EED22DE0E8700646173 /* ViewFinderTwoUITests.xctest */;
			productType = "com.apple.product-type.bundle.ui-testing";
		};
/* End PBXNativeTarget section */

/* Begin PBXProject section */
		7E193EC322DE0E8700646173 /* Project object */ = {
			isa = PBXProject;
			attributes = {
				LastSwiftUpdateCheck = 1000;
				LastUpgradeCheck = 1000;
				ORGANIZATIONNAME = "Isabella Maki";
				TargetAttributes = {
					7E193ECA22DE0E8700646173 = {
						CreatedOnToolsVersion = 10.0;
					};
					7E193EE122DE0E8700646173 = {
						CreatedOnToolsVersion = 10.0;
						TestTargetID = 7E193ECA22DE0E8700646173;
					};
					7E193EEC22DE0E8700646173 = {
						CreatedOnToolsVersion = 10.0;
						TestTargetID = 7E193ECA22DE0E8700646173;
					};
				};
			};
			buildConfigurationList = 7E193EC622DE0E8700646173 /* Build configuration list for PBXProject "ViewFinderTwo" */;
			compatibilityVersion = "Xcode 9.3";
			developmentRegion = en;
			hasScannedForEncodings = 0;
			knownRegions = (
				en,
				Base,
			);
			mainGroup = 7E193EC222DE0E8700646173;
			productRefGroup = 7E193ECC22DE0E8700646173 /* Products */;
			projectDirPath = "";
			projectRoot = "";
			targets = (
				7E193ECA22DE0E8700646173 /* ViewFinderTwo */,
				7E193EE122DE0E8700646173 /* ViewFinderTwoTests */,
				7E193EEC22DE0E8700646173 /* ViewFinderTwoUITests */,
			);
		};
/* End PBXProject section */

/* Begin PBXResourcesBuildPhase section */
		7E193EC922DE0E8700646173 /* Resources */ = {
			isa = PBXResourcesBuildPhase;
			buildActionMask = 2147483647;
			files = (
				7E193EDC22DE0E8700646173 /* LaunchScreen.storyboard in Resources */,
				7E193ED922DE0E8700646173 /* Assets.xcassets in Resources */,
				7E193ED422DE0E8700646173 /* Main.storyboard in Resources */,
			);
			runOnlyForDeploymentPostprocessing = 0;
		};
		7E193EE022DE0E8700646173 /* Resources */ = {
			isa = PBXResourcesBuildPhase;
			buildActionMask = 2147483647;
			files = (
			);
			runOnlyForDeploymentPostprocessing = 0;
		};
		7E193EEB22DE0E8700646173 /* Resources */ = {
			isa = PBXResourcesBuildPhase;
			buildActionMask = 2147483647;
			files = (
			);
			runOnlyForDeploymentPostprocessing = 0;
		};
/* End PBXResourcesBuildPhase section */

/* Begin PBXSourcesBuildPhase section */
		7E193EC722DE0E8700646173 /* Sources */ = {
			isa = PBXSourcesBuildPhase;
			buildActionMask = 2147483647;
			files = (
				7E193ED722DE0E8700646173 /* ViewFinderTwo.xcdatamodeld in Sources */,
				7E193F0022DE126200646173 /* AddPhotoViewController.swift in Sources */,
				7E193ECF22DE0E8700646173 /* AppDelegate.swift in Sources */,
			);
			runOnlyForDeploymentPostprocessing = 0;
		};
		7E193EDE22DE0E8700646173 /* Sources */ = {
			isa = PBXSourcesBuildPhase;
			buildActionMask = 2147483647;
			files = (
				7E193EE722DE0E8700646173 /* ViewFinderTwoTests.swift in Sources */,
			);
			runOnlyForDeploymentPostprocessing = 0;
		};
		7E193EE922DE0E8700646173 /* Sources */ = {
			isa = PBXSourcesBuildPhase;
			buildActionMask = 2147483647;
			files = (
				7E193EF222DE0E8700646173 /* ViewFinderTwoUITests.swift in Sources */,
			);
			runOnlyForDeploymentPostprocessing = 0;
		};
/* End PBXSourcesBuildPhase section */

/* Begin PBXTargetDependency section */
		7E193EE422DE0E8700646173 /* PBXTargetDependency */ = {
			isa = PBXTargetDependency;
			target = 7E193ECA22DE0E8700646173 /* ViewFinderTwo */;
			targetProxy = 7E193EE322DE0E8700646173 /* PBXContainerItemProxy */;
		};
		7E193EEF22DE0E8700646173 /* PBXTargetDependency */ = {
			isa = PBXTargetDependency;
			target = 7E193ECA22DE0E8700646173 /* ViewFinderTwo */;
			targetProxy = 7E193EEE22DE0E8700646173 /* PBXContainerItemProxy */;
		};
/* End PBXTargetDependency section */

/* Begin PBXVariantGroup section */
		7E193ED222DE0E8700646173 /* Main.storyboard */ = {
			isa = PBXVariantGroup;
			children = (
				7E193ED322DE0E8700646173 /* Base */,
			);
			name = Main.storyboard;
			sourceTree = "<group>";
		};
		7E193EDA22DE0E8700646173 /* LaunchScreen.storyboard */ = {
			isa = PBXVariantGroup;
			children = (
				7E193EDB22DE0E8700646173 /* Base */,
			);
			name = LaunchScreen.storyboard;
			sourceTree = "<group>";
		};
/* End PBXVariantGroup section */

/* Begin XCBuildConfiguration section */
		7E193EF422DE0E8800646173 /* Debug */ = {
			isa = XCBuildConfiguration;
			buildSettings = {
				ALWAYS_SEARCH_USER_PATHS = NO;
				CLANG_ANALYZER_NONNULL = YES;
				CLANG_ANALYZER_NUMBER_OBJECT_CONVERSION = YES_AGGRESSIVE;
				CLANG_CXX_LANGUAGE_STANDARD = "gnu++14";
				CLANG_CXX_LIBRARY = "libc++";
				CLANG_ENABLE_MODULES = YES;
				CLANG_ENABLE_OBJC_ARC = YES;
				CLANG_ENABLE_OBJC_WEAK = YES;
				CLANG_WARN_BLOCK_CAPTURE_AUTORELEASING = YES;
				CLANG_WARN_BOOL_CONVERSION = YES;
				CLANG_WARN_COMMA = YES;
				CLANG_WARN_CONSTANT_CONVERSION = YES;
				CLANG_WARN_DEPRECATED_OBJC_IMPLEMENTATIONS = YES;
				CLANG_WARN_DIRECT_OBJC_ISA_USAGE = YES_ERROR;
				CLANG_WARN_DOCUMENTATION_COMMENTS = YES;
				CLANG_WARN_EMPTY_BODY = YES;
				CLANG_WARN_ENUM_CONVERSION = YES;
				CLANG_WARN_INFINITE_RECURSION = YES;
				CLANG_WARN_INT_CONVERSION = YES;
				CLANG_WARN_NON_LITERAL_NULL_CONVERSION = YES;
				CLANG_WARN_OBJC_IMPLICIT_RETAIN_SELF = YES;
				CLANG_WARN_OBJC_LITERAL_CONVERSION = YES;
				CLANG_WARN_OBJC_ROOT_CLASS = YES_ERROR;
				CLANG_WARN_RANGE_LOOP_ANALYSIS = YES;
				CLANG_WARN_STRICT_PROTOTYPES = YES;
				CLANG_WARN_SUSPICIOUS_MOVE = YES;
				CLANG_WARN_UNGUARDED_AVAILABILITY = YES_AGGRESSIVE;
				CLANG_WARN_UNREACHABLE_CODE = YES;
				CLANG_WARN__DUPLICATE_METHOD_MATCH = YES;
				CODE_SIGN_IDENTITY = "iPhone Developer";
				COPY_PHASE_STRIP = NO;
				DEBUG_INFORMATION_FORMAT = dwarf;
				ENABLE_STRICT_OBJC_MSGSEND = YES;
				ENABLE_TESTABILITY = YES;
				GCC_C_LANGUAGE_STANDARD = gnu11;
				GCC_DYNAMIC_NO_PIC = NO;
				GCC_NO_COMMON_BLOCKS = YES;
				GCC_OPTIMIZATION_LEVEL = 0;
				GCC_PREPROCESSOR_DEFINITIONS = (
					"DEBUG=1",
					"$(inherited)",
				);
				GCC_WARN_64_TO_32_BIT_CONVERSION = YES;
				GCC_WARN_ABOUT_RETURN_TYPE = YES_ERROR;
				GCC_WARN_UNDECLARED_SELECTOR = YES;
				GCC_WARN_UNINITIALIZED_AUTOS = YES_AGGRESSIVE;
				GCC_WARN_UNUSED_FUNCTION = YES;
				GCC_WARN_UNUSED_VARIABLE = YES;
				IPHONEOS_DEPLOYMENT_TARGET = 12.0;
				MTL_ENABLE_DEBUG_INFO = INCLUDE_SOURCE;
				MTL_FAST_MATH = YES;
				ONLY_ACTIVE_ARCH = YES;
				SDKROOT = iphoneos;
				SWIFT_ACTIVE_COMPILATION_CONDITIONS = DEBUG;
				SWIFT_OPTIMIZATION_LEVEL = "-Onone";
			};
			name = Debug;
		};
		7E193EF522DE0E8800646173 /* Release */ = {
			isa = XCBuildConfiguration;
			buildSettings = {
				ALWAYS_SEARCH_USER_PATHS = NO;
				CLANG_ANALYZER_NONNULL = YES;
				CLANG_ANALYZER_NUMBER_OBJECT_CONVERSION = YES_AGGRESSIVE;
				CLANG_CXX_LANGUAGE_STANDARD = "gnu++14";
				CLANG_CXX_LIBRARY = "libc++";
				CLANG_ENABLE_MODULES = YES;
				CLANG_ENABLE_OBJC_ARC = YES;
				CLANG_ENABLE_OBJC_WEAK = YES;
				CLANG_WARN_BLOCK_CAPTURE_AUTORELEASING = YES;
				CLANG_WARN_BOOL_CONVERSION = YES;
				CLANG_WARN_COMMA = YES;
				CLANG_WARN_CONSTANT_CONVERSION = YES;
				CLANG_WARN_DEPRECATED_OBJC_IMPLEMENTATIONS = YES;
				CLANG_WARN_DIRECT_OBJC_ISA_USAGE = YES_ERROR;
				CLANG_WARN_DOCUMENTATION_COMMENTS = YES;
				CLANG_WARN_EMPTY_BODY = YES;
				CLANG_WARN_ENUM_CONVERSION = YES;
				CLANG_WARN_INFINITE_RECURSION = YES;
				CLANG_WARN_INT_CONVERSION = YES;
				CLANG_WARN_NON_LITERAL_NULL_CONVERSION = YES;
				CLANG_WARN_OBJC_IMPLICIT_RETAIN_SELF = YES;
				CLANG_WARN_OBJC_LITERAL_CONVERSION = YES;
				CLANG_WARN_OBJC_ROOT_CLASS = YES_ERROR;
				CLANG_WARN_RANGE_LOOP_ANALYSIS = YES;
				CLANG_WARN_STRICT_PROTOTYPES = YES;
				CLANG_WARN_SUSPICIOUS_MOVE = YES;
				CLANG_WARN_UNGUARDED_AVAILABILITY = YES_AGGRESSIVE;
				CLANG_WARN_UNREACHABLE_CODE = YES;
				CLANG_WARN__DUPLICATE_METHOD_MATCH = YES;
				CODE_SIGN_IDENTITY = "iPhone Developer";
				COPY_PHASE_STRIP = NO;
				DEBUG_INFORMATION_FORMAT = "dwarf-with-dsym";
				ENABLE_NS_ASSERTIONS = NO;
				ENABLE_STRICT_OBJC_MSGSEND = YES;
				GCC_C_LANGUAGE_STANDARD = gnu11;
				GCC_NO_COMMON_BLOCKS = YES;
				GCC_WARN_64_TO_32_BIT_CONVERSION = YES;
				GCC_WARN_ABOUT_RETURN_TYPE = YES_ERROR;
				GCC_WARN_UNDECLARED_SELECTOR = YES;
				GCC_WARN_UNINITIALIZED_AUTOS = YES_AGGRESSIVE;
				GCC_WARN_UNUSED_FUNCTION = YES;
				GCC_WARN_UNUSED_VARIABLE = YES;
				IPHONEOS_DEPLOYMENT_TARGET = 12.0;
				MTL_ENABLE_DEBUG_INFO = NO;
				MTL_FAST_MATH = YES;
				SDKROOT = iphoneos;
				SWIFT_COMPILATION_MODE = wholemodule;
				SWIFT_OPTIMIZATION_LEVEL = "-O";
				VALIDATE_PRODUCT = YES;
			};
			name = Release;
		};
		7E193EF722DE0E8800646173 /* Debug */ = {
			isa = XCBuildConfiguration;
			buildSettings = {
				ASSETCATALOG_COMPILER_APPICON_NAME = AppIcon;
				CODE_SIGN_STYLE = Automatic;
				INFOPLIST_FILE = ViewFinderTwo/Info.plist;
				LD_RUNPATH_SEARCH_PATHS = (
					"$(inherited)",
					"@executable_path/Frameworks",
				);
				PRODUCT_BUNDLE_IDENTIFIER = cpp.ViewFinderTwo;
				PRODUCT_NAME = "$(TARGET_NAME)";
				SWIFT_VERSION = 4.2;
				TARGETED_DEVICE_FAMILY = "1,2";
			};
			name = Debug;
		};
		7E193EF822DE0E8800646173 /* Release */ = {
			isa = XCBuildConfiguration;
			buildSettings = {
				ASSETCATALOG_COMPILER_APPICON_NAME = AppIcon;
				CODE_SIGN_STYLE = Automatic;
				INFOPLIST_FILE = ViewFinderTwo/Info.plist;
				LD_RUNPATH_SEARCH_PATHS = (
					"$(inherited)",
					"@executable_path/Frameworks",
				);
				PRODUCT_BUNDLE_IDENTIFIER = cpp.ViewFinderTwo;
				PRODUCT_NAME = "$(TARGET_NAME)";
				SWIFT_VERSION = 4.2;
				TARGETED_DEVICE_FAMILY = "1,2";
			};
			name = Release;
		};
		7E193EFA22DE0E8800646173 /* Debug */ = {
			isa = XCBuildConfiguration;
			buildSettings = {
				ALWAYS_EMBED_SWIFT_STANDARD_LIBRARIES = YES;
				BUNDLE_LOADER = "$(TEST_HOST)";
				CODE_SIGN_STYLE = Automatic;
				INFOPLIST_FILE = ViewFinderTwoTests/Info.plist;
				LD_RUNPATH_SEARCH_PATHS = (
					"$(inherited)",
					"@executable_path/Frameworks",
					"@loader_path/Frameworks",
				);
				PRODUCT_BUNDLE_IDENTIFIER = cpp.ViewFinderTwoTests;
				PRODUCT_NAME = "$(TARGET_NAME)";
				SWIFT_VERSION = 4.2;
				TARGETED_DEVICE_FAMILY = "1,2";
				TEST_HOST = "$(BUILT_PRODUCTS_DIR)/ViewFinderTwo.app/ViewFinderTwo";
			};
			name = Debug;
		};
		7E193EFB22DE0E8800646173 /* Release */ = {
			isa = XCBuildConfiguration;
			buildSettings = {
				ALWAYS_EMBED_SWIFT_STANDARD_LIBRARIES = YES;
				BUNDLE_LOADER = "$(TEST_HOST)";
				CODE_SIGN_STYLE = Automatic;
				INFOPLIST_FILE = ViewFinderTwoTests/Info.plist;
				LD_RUNPATH_SEARCH_PATHS = (
					"$(inherited)",
					"@executable_path/Frameworks",
					"@loader_path/Frameworks",
				);
				PRODUCT_BUNDLE_IDENTIFIER = cpp.ViewFinderTwoTests;
				PRODUCT_NAME = "$(TARGET_NAME)";
				SWIFT_VERSION = 4.2;
				TARGETED_DEVICE_FAMILY = "1,2";
				TEST_HOST = "$(BUILT_PRODUCTS_DIR)/ViewFinderTwo.app/ViewFinderTwo";
			};
			name = Release;
		};
		7E193EFD22DE0E8800646173 /* Debug */ = {
			isa = XCBuildConfiguration;
			buildSettings = {
				ALWAYS_EMBED_SWIFT_STANDARD_LIBRARIES = YES;
				CODE_SIGN_STYLE = Automatic;
				INFOPLIST_FILE = ViewFinderTwoUITests/Info.plist;
				LD_RUNPATH_SEARCH_PATHS = (
					"$(inherited)",
					"@executable_path/Frameworks",
					"@loader_path/Frameworks",
				);
				PRODUCT_BUNDLE_IDENTIFIER = cpp.ViewFinderTwoUITests;
				PRODUCT_NAME = "$(TARGET_NAME)";
				SWIFT_VERSION = 4.2;
				TARGETED_DEVICE_FAMILY = "1,2";
				TEST_TARGET_NAME = ViewFinderTwo;
			};
			name = Debug;
		};
		7E193EFE22DE0E8800646173 /* Release */ = {
			isa = XCBuildConfiguration;
			buildSettings = {
				ALWAYS_EMBED_SWIFT_STANDARD_LIBRARIES = YES;
				CODE_SIGN_STYLE = Automatic;
				INFOPLIST_FILE = ViewFinderTwoUITests/Info.plist;
				LD_RUNPATH_SEARCH_PATHS = (
					"$(inherited)",
					"@executable_path/Frameworks",
					"@loader_path/Frameworks",
				);
				PRODUCT_BUNDLE_IDENTIFIER = cpp.ViewFinderTwoUITests;
				PRODUCT_NAME = "$(TARGET_NAME)";
				SWIFT_VERSION = 4.2;
				TARGETED_DEVICE_FAMILY = "1,2";
				TEST_TARGET_NAME = ViewFinderTwo;
			};
			name = Release;
		};
/* End XCBuildConfiguration section */

/* Begin XCConfigurationList section */
		7E193EC622DE0E8700646173 /* Build configuration list for PBXProject "ViewFinderTwo" */ = {
			isa = XCConfigurationList;
			buildConfigurations = (
				7E193EF422DE0E8800646173 /* Debug */,
				7E193EF522DE0E8800646173 /* Release */,
			);
			defaultConfigurationIsVisible = 0;
			defaultConfigurationName = Release;
		};
		7E193EF622DE0E8800646173 /* Build configuration list for PBXNativeTarget "ViewFinderTwo" */ = {
			isa = XCConfigurationList;
			buildConfigurations = (
				7E193EF722DE0E8800646173 /* Debug */,
				7E193EF822DE0E8800646173 /* Release */,
			);
			defaultConfigurationIsVisible = 0;
			defaultConfigurationName = Release;
		};
		7E193EF922DE0E8800646173 /* Build configuration list for PBXNativeTarget "ViewFinderTwoTests" */ = {
			isa = XCConfigurationList;
			buildConfigurations = (
				7E193EFA22DE0E8800646173 /* Debug */,
				7E193EFB22DE0E8800646173 /* Release */,
			);
			defaultConfigurationIsVisible = 0;
			defaultConfigurationName = Release;
		};
		7E193EFC22DE0E8800646173 /* Build configuration list for PBXNativeTarget "ViewFinderTwoUITests" */ = {
			isa = XCConfigurationList;
			buildConfigurations = (
				7E193EFD22DE0E8800646173 /* Debug */,
				7E193EFE22DE0E8800646173 /* Release */,
			);
			defaultConfigurationIsVisible = 0;
			defaultConfigurationName = Release;
		};
/* End XCConfigurationList section */

/* Begin XCVersionGroup section */
		7E193ED522DE0E8700646173 /* ViewFinderTwo.xcdatamodeld */ = {
			isa = XCVersionGroup;
			children = (
				7E193ED622DE0E8700646173 /* ViewFinderTwo.xcdatamodel */,
			);
			currentVersion = 7E193ED622DE0E8700646173 /* ViewFinderTwo.xcdatamodel */;
			path = ViewFinderTwo.xcdatamodeld;
			sourceTree = "<group>";
			versionGroupType = wrapper.xcdatamodel;
		};
/* End XCVersionGroup section */
	};
	rootObject = 7E193EC322DE0E8700646173 /* Project object */;
}
